// !$*UTF8*$!
{
	archiveVersion = 1;
	classes = {
	};
	objectVersion = 56;
	objects = {

/* Begin PBXBuildFile section */
		5015F53E290853A500FC81A9 /* MyApp Watch App.app in Embed Watch Content */ = {isa = PBXBuildFile; fileRef = 5015F53D290853A500FC81A9 /* MyApp Watch App.app */; settings = {ATTRIBUTES = (RemoveHeadersOnCopy, ); }; };
		5015F543290853A500FC81A9 /* MyAppApp.swift in Sources */ = {isa = PBXBuildFile; fileRef = 5015F542290853A500FC81A9 /* MyAppApp.swift */; };
		5015F545290853A500FC81A9 /* ContentView.swift in Sources */ = {isa = PBXBuildFile; fileRef = 5015F544290853A500FC81A9 /* ContentView.swift */; };
		5015F547290853A900FC81A9 /* Assets.xcassets in Resources */ = {isa = PBXBuildFile; fileRef = 5015F546290853A900FC81A9 /* Assets.xcassets */; };
		5015F54A290853A900FC81A9 /* Preview Assets.xcassets in Resources */ = {isa = PBXBuildFile; fileRef = 5015F549290853A900FC81A9 /* Preview Assets.xcassets */; };
		5015F554290853A900FC81A9 /* MyApp_Watch_AppTests.swift in Sources */ = {isa = PBXBuildFile; fileRef = 5015F553290853A900FC81A9 /* MyApp_Watch_AppTests.swift */; };
		5015F55E290853A900FC81A9 /* MyApp_Watch_AppUITests.swift in Sources */ = {isa = PBXBuildFile; fileRef = 5015F55D290853A900FC81A9 /* MyApp_Watch_AppUITests.swift */; };
		5015F560290853A900FC81A9 /* MyApp_Watch_AppUITestsLaunchTests.swift in Sources */ = {isa = PBXBuildFile; fileRef = 5015F55F290853A900FC81A9 /* MyApp_Watch_AppUITestsLaunchTests.swift */; };
/* End PBXBuildFile section */

/* Begin PBXContainerItemProxy section */
		5015F53F290853A500FC81A9 /* PBXContainerItemProxy */ = {
			isa = PBXContainerItemProxy;
			containerPortal = 5015F531290853A400FC81A9 /* Project object */;
			proxyType = 1;
			remoteGlobalIDString = 5015F53C290853A500FC81A9;
			remoteInfo = "MyApp Watch App";
		};
		5015F550290853A900FC81A9 /* PBXContainerItemProxy */ = {
			isa = PBXContainerItemProxy;
			containerPortal = 5015F531290853A400FC81A9 /* Project object */;
			proxyType = 1;
			remoteGlobalIDString = 5015F53C290853A500FC81A9;
			remoteInfo = "MyApp Watch App";
		};
		5015F55A290853A900FC81A9 /* PBXContainerItemProxy */ = {
			isa = PBXContainerItemProxy;
			containerPortal = 5015F531290853A400FC81A9 /* Project object */;
			proxyType = 1;
			remoteGlobalIDString = 5015F53C290853A500FC81A9;
			remoteInfo = "MyApp Watch App";
		};
/* End PBXContainerItemProxy section */

/* Begin PBXCopyFilesBuildPhase section */
		5015F566290853A900FC81A9 /* Embed Watch Content */ = {
			isa = PBXCopyFilesBuildPhase;
			buildActionMask = 2147483647;
			dstPath = "$(CONTENTS_FOLDER_PATH)/Watch";
			dstSubfolderSpec = 16;
			files = (
				5015F53E290853A500FC81A9 /* MyApp Watch App.app in Embed Watch Content */,
			);
			name = "Embed Watch Content";
			runOnlyForDeploymentPostprocessing = 0;
		};
/* End PBXCopyFilesBuildPhase section */

/* Begin PBXFileReference section */
		5015F537290853A500FC81A9 /* MyApp.app */ = {isa = PBXFileReference; explicitFileType = wrapper.application; includeInIndex = 0; path = MyApp.app; sourceTree = BUILT_PRODUCTS_DIR; };
		5015F53D290853A500FC81A9 /* MyApp Watch App.app */ = {isa = PBXFileReference; explicitFileType = wrapper.application; includeInIndex = 0; path = "MyApp Watch App.app"; sourceTree = BUILT_PRODUCTS_DIR; };
		5015F542290853A500FC81A9 /* MyAppApp.swift */ = {isa = PBXFileReference; lastKnownFileType = sourcecode.swift; path = MyAppApp.swift; sourceTree = "<group>"; };
		5015F544290853A500FC81A9 /* ContentView.swift */ = {isa = PBXFileReference; lastKnownFileType = sourcecode.swift; path = ContentView.swift; sourceTree = "<group>"; };
		5015F546290853A900FC81A9 /* Assets.xcassets */ = {isa = PBXFileReference; lastKnownFileType = folder.assetcatalog; path = Assets.xcassets; sourceTree = "<group>"; };
		5015F549290853A900FC81A9 /* Preview Assets.xcassets */ = {isa = PBXFileReference; lastKnownFileType = folder.assetcatalog; path = "Preview Assets.xcassets"; sourceTree = "<group>"; };
		5015F54F290853A900FC81A9 /* MyApp Watch AppTests.xctest */ = {isa = PBXFileReference; explicitFileType = wrapper.cfbundle; includeInIndex = 0; path = "MyApp Watch AppTests.xctest"; sourceTree = BUILT_PRODUCTS_DIR; };
		5015F553290853A900FC81A9 /* MyApp_Watch_AppTests.swift */ = {isa = PBXFileReference; lastKnownFileType = sourcecode.swift; path = MyApp_Watch_AppTests.swift; sourceTree = "<group>"; };
		5015F559290853A900FC81A9 /* MyApp Watch AppUITests.xctest */ = {isa = PBXFileReference; explicitFileType = wrapper.cfbundle; includeInIndex = 0; path = "MyApp Watch AppUITests.xctest"; sourceTree = BUILT_PRODUCTS_DIR; };
		5015F55D290853A900FC81A9 /* MyApp_Watch_AppUITests.swift */ = {isa = PBXFileReference; lastKnownFileType = sourcecode.swift; path = MyApp_Watch_AppUITests.swift; sourceTree = "<group>"; };
		5015F55F290853A900FC81A9 /* MyApp_Watch_AppUITestsLaunchTests.swift */ = {isa = PBXFileReference; lastKnownFileType = sourcecode.swift; path = MyApp_Watch_AppUITestsLaunchTests.swift; sourceTree = "<group>"; };
/* End PBXFileReference section */

/* Begin PBXFrameworksBuildPhase section */
		5015F53A290853A500FC81A9 /* Frameworks */ = {
			isa = PBXFrameworksBuildPhase;
			buildActionMask = 2147483647;
			files = (
			);
			runOnlyForDeploymentPostprocessing = 0;
		};
		5015F54C290853A900FC81A9 /* Frameworks */ = {
			isa = PBXFrameworksBuildPhase;
			buildActionMask = 2147483647;
			files = (
			);
			runOnlyForDeploymentPostprocessing = 0;
		};
		5015F556290853A900FC81A9 /* Frameworks */ = {
			isa = PBXFrameworksBuildPhase;
			buildActionMask = 2147483647;
			files = (
			);
			runOnlyForDeploymentPostprocessing = 0;
		};
/* End PBXFrameworksBuildPhase section */

/* Begin PBXGroup section */
		5015F530290853A400FC81A9 = {
			isa = PBXGroup;
			children = (
				5015F541290853A500FC81A9 /* MyApp Watch App */,
				5015F552290853A900FC81A9 /* MyApp Watch AppTests */,
				5015F55C290853A900FC81A9 /* MyApp Watch AppUITests */,
				5015F538290853A500FC81A9 /* Products */,
			);
			sourceTree = "<group>";
		};
		5015F538290853A500FC81A9 /* Products */ = {
			isa = PBXGroup;
			children = (
				5015F537290853A500FC81A9 /* MyApp.app */,
				5015F53D290853A500FC81A9 /* MyApp Watch App.app */,
				5015F54F290853A900FC81A9 /* MyApp Watch AppTests.xctest */,
				5015F559290853A900FC81A9 /* MyApp Watch AppUITests.xctest */,
			);
			name = Products;
			sourceTree = "<group>";
		};
		5015F541290853A500FC81A9 /* MyApp Watch App */ = {
			isa = PBXGroup;
			children = (
				5015F542290853A500FC81A9 /* MyAppApp.swift */,
				5015F544290853A500FC81A9 /* ContentView.swift */,
				5015F546290853A900FC81A9 /* Assets.xcassets */,
				5015F548290853A900FC81A9 /* Preview Content */,
			);
			path = "MyApp Watch App";
			sourceTree = "<group>";
		};
		5015F548290853A900FC81A9 /* Preview Content */ = {
			isa = PBXGroup;
			children = (
				5015F549290853A900FC81A9 /* Preview Assets.xcassets */,
			);
			path = "Preview Content";
			sourceTree = "<group>";
		};
		5015F552290853A900FC81A9 /* MyApp Watch AppTests */ = {
			isa = PBXGroup;
			children = (
				5015F553290853A900FC81A9 /* MyApp_Watch_AppTests.swift */,
			);
			path = "MyApp Watch AppTests";
			sourceTree = "<group>";
		};
		5015F55C290853A900FC81A9 /* MyApp Watch AppUITests */ = {
			isa = PBXGroup;
			children = (
				5015F55D290853A900FC81A9 /* MyApp_Watch_AppUITests.swift */,
				5015F55F290853A900FC81A9 /* MyApp_Watch_AppUITestsLaunchTests.swift */,
			);
			path = "MyApp Watch AppUITests";
			sourceTree = "<group>";
		};
/* End PBXGroup section */

/* Begin PBXNativeTarget section */
		5015F536290853A500FC81A9 /* MyApp */ = {
			isa = PBXNativeTarget;
			buildConfigurationList = 5015F567290853A900FC81A9 /* Build configuration list for PBXNativeTarget "MyApp" */;
			buildPhases = (
				5015F535290853A500FC81A9 /* Resources */,
				5015F566290853A900FC81A9 /* Embed Watch Content */,
			);
			buildRules = (
			);
			dependencies = (
				5015F540290853A500FC81A9 /* PBXTargetDependency */,
			);
			name = MyApp;
			productName = MyApp;
			productReference = 5015F537290853A500FC81A9 /* MyApp.app */;
			productType = "com.apple.product-type.application.watchapp2-container";
		};
		5015F53C290853A500FC81A9 /* MyApp Watch App */ = {
			isa = PBXNativeTarget;
			buildConfigurationList = 5015F563290853A900FC81A9 /* Build configuration list for PBXNativeTarget "MyApp Watch App" */;
			buildPhases = (
				5015F539290853A500FC81A9 /* Sources */,
				5015F53A290853A500FC81A9 /* Frameworks */,
				5015F53B290853A500FC81A9 /* Resources */,
			);
			buildRules = (
			);
			dependencies = (
			);
			name = "MyApp Watch App";
			productName = "MyApp Watch App";
			productReference = 5015F53D290853A500FC81A9 /* MyApp Watch App.app */;
			productType = "com.apple.product-type.application";
		};
		5015F54E290853A900FC81A9 /* MyApp Watch AppTests */ = {
			isa = PBXNativeTarget;
			buildConfigurationList = 5015F56A290853A900FC81A9 /* Build configuration list for PBXNativeTarget "MyApp Watch AppTests" */;
			buildPhases = (
				5015F54B290853A900FC81A9 /* Sources */,
				5015F54C290853A900FC81A9 /* Frameworks */,
				5015F54D290853A900FC81A9 /* Resources */,
			);
			buildRules = (
			);
			dependencies = (
				5015F551290853A900FC81A9 /* PBXTargetDependency */,
			);
			name = "MyApp Watch AppTests";
			productName = "MyApp Watch AppTests";
			productReference = 5015F54F290853A900FC81A9 /* MyApp Watch AppTests.xctest */;
			productType = "com.apple.product-type.bundle.unit-test";
		};
		5015F558290853A900FC81A9 /* MyApp Watch AppUITests */ = {
			isa = PBXNativeTarget;
			buildConfigurationList = 5015F56D290853A900FC81A9 /* Build configuration list for PBXNativeTarget "MyApp Watch AppUITests" */;
			buildPhases = (
				5015F555290853A900FC81A9 /* Sources */,
				5015F556290853A900FC81A9 /* Frameworks */,
				5015F557290853A900FC81A9 /* Resources */,
			);
			buildRules = (
			);
			dependencies = (
				5015F55B290853A900FC81A9 /* PBXTargetDependency */,
			);
			name = "MyApp Watch AppUITests";
			productName = "MyApp Watch AppUITests";
			productReference = 5015F559290853A900FC81A9 /* MyApp Watch AppUITests.xctest */;
			productType = "com.apple.product-type.bundle.ui-testing";
		};
/* End PBXNativeTarget section */

/* Begin PBXProject section */
		5015F531290853A400FC81A9 /* Project object */ = {
			isa = PBXProject;
			attributes = {
				BuildIndependentTargetsInParallel = 1;
				LastSwiftUpdateCheck = 1400;
				LastUpgradeCheck = 1400;
				TargetAttributes = {
					5015F536290853A500FC81A9 = {
						CreatedOnToolsVersion = 14.0.1;
					};
					5015F53C290853A500FC81A9 = {
						CreatedOnToolsVersion = 14.0.1;
					};
					5015F54E290853A900FC81A9 = {
						CreatedOnToolsVersion = 14.0.1;
						TestTargetID = 5015F53C290853A500FC81A9;
					};
					5015F558290853A900FC81A9 = {
						CreatedOnToolsVersion = 14.0.1;
						TestTargetID = 5015F53C290853A500FC81A9;
					};
				};
			};
			buildConfigurationList = 5015F534290853A400FC81A9 /* Build configuration list for PBXProject "MyApp" */;
			compatibilityVersion = "Xcode 14.0";
			developmentRegion = en;
			hasScannedForEncodings = 0;
			knownRegions = (
				en,
				Base,
			);
			mainGroup = 5015F530290853A400FC81A9;
			productRefGroup = 5015F538290853A500FC81A9 /* Products */;
			projectDirPath = "";
			projectRoot = "";
			targets = (
				5015F536290853A500FC81A9 /* MyApp */,
				5015F53C290853A500FC81A9 /* MyApp Watch App */,
				5015F54E290853A900FC81A9 /* MyApp Watch AppTests */,
				5015F558290853A900FC81A9 /* MyApp Watch AppUITests */,
			);
		};
/* End PBXProject section */

/* Begin PBXResourcesBuildPhase section */
		5015F535290853A500FC81A9 /* Resources */ = {
			isa = PBXResourcesBuildPhase;
			buildActionMask = 2147483647;
			files = (
			);
			runOnlyForDeploymentPostprocessing = 0;
		};
		5015F53B290853A500FC81A9 /* Resources */ = {
			isa = PBXResourcesBuildPhase;
			buildActionMask = 2147483647;
			files = (
				5015F54A290853A900FC81A9 /* Preview Assets.xcassets in Resources */,
				5015F547290853A900FC81A9 /* Assets.xcassets in Resources */,
			);
			runOnlyForDeploymentPostprocessing = 0;
		};
		5015F54D290853A900FC81A9 /* Resources */ = {
			isa = PBXResourcesBuildPhase;
			buildActionMask = 2147483647;
			files = (
			);
			runOnlyForDeploymentPostprocessing = 0;
		};
		5015F557290853A900FC81A9 /* Resources */ = {
			isa = PBXResourcesBuildPhase;
			buildActionMask = 2147483647;
			files = (
			);
			runOnlyForDeploymentPostprocessing = 0;
		};
/* End PBXResourcesBuildPhase section */

/* Begin PBXSourcesBuildPhase section */
		5015F539290853A500FC81A9 /* Sources */ = {
			isa = PBXSourcesBuildPhase;
			buildActionMask = 2147483647;
			files = (
				5015F545290853A500FC81A9 /* ContentView.swift in Sources */,
				5015F543290853A500FC81A9 /* MyAppApp.swift in Sources */,
			);
			runOnlyForDeploymentPostprocessing = 0;
		};
		5015F54B290853A900FC81A9 /* Sources */ = {
			isa = PBXSourcesBuildPhase;
			buildActionMask = 2147483647;
			files = (
				5015F554290853A900FC81A9 /* MyApp_Watch_AppTests.swift in Sources */,
			);
			runOnlyForDeploymentPostprocessing = 0;
		};
		5015F555290853A900FC81A9 /* Sources */ = {
			isa = PBXSourcesBuildPhase;
			buildActionMask = 2147483647;
			files = (
				5015F560290853A900FC81A9 /* MyApp_Watch_AppUITestsLaunchTests.swift in Sources */,
				5015F55E290853A900FC81A9 /* MyApp_Watch_AppUITests.swift in Sources */,
			);
			runOnlyForDeploymentPostprocessing = 0;
		};
/* End PBXSourcesBuildPhase section */

/* Begin PBXTargetDependency section */
		5015F540290853A500FC81A9 /* PBXTargetDependency */ = {
			isa = PBXTargetDependency;
			target = 5015F53C290853A500FC81A9 /* MyApp Watch App */;
			targetProxy = 5015F53F290853A500FC81A9 /* PBXContainerItemProxy */;
		};
		5015F551290853A900FC81A9 /* PBXTargetDependency */ = {
			isa = PBXTargetDependency;
			target = 5015F53C290853A500FC81A9 /* MyApp Watch App */;
			targetProxy = 5015F550290853A900FC81A9 /* PBXContainerItemProxy */;
		};
		5015F55B290853A900FC81A9 /* PBXTargetDependency */ = {
			isa = PBXTargetDependency;
			target = 5015F53C290853A500FC81A9 /* MyApp Watch App */;
			targetProxy = 5015F55A290853A900FC81A9 /* PBXContainerItemProxy */;
		};
/* End PBXTargetDependency section */

/* Begin XCBuildConfiguration section */
		5015F561290853A900FC81A9 /* Debug */ = {
			isa = XCBuildConfiguration;
			buildSettings = {
				ALWAYS_SEARCH_USER_PATHS = NO;
				CLANG_ANALYZER_NONNULL = YES;
				CLANG_ANALYZER_NUMBER_OBJECT_CONVERSION = YES_AGGRESSIVE;
				CLANG_CXX_LANGUAGE_STANDARD = "gnu++20";
				CLANG_ENABLE_MODULES = YES;
				CLANG_ENABLE_OBJC_ARC = YES;
				CLANG_ENABLE_OBJC_WEAK = YES;
				CLANG_WARN_BLOCK_CAPTURE_AUTORELEASING = YES;
				CLANG_WARN_BOOL_CONVERSION = YES;
				CLANG_WARN_COMMA = YES;
				CLANG_WARN_CONSTANT_CONVERSION = YES;
				CLANG_WARN_DEPRECATED_OBJC_IMPLEMENTATIONS = YES;
				CLANG_WARN_DIRECT_OBJC_ISA_USAGE = YES_ERROR;
				CLANG_WARN_DOCUMENTATION_COMMENTS = YES;
				CLANG_WARN_EMPTY_BODY = YES;
				CLANG_WARN_ENUM_CONVERSION = YES;
				CLANG_WARN_INFINITE_RECURSION = YES;
				CLANG_WARN_INT_CONVERSION = YES;
				CLANG_WARN_NON_LITERAL_NULL_CONVERSION = YES;
				CLANG_WARN_OBJC_IMPLICIT_RETAIN_SELF = YES;
				CLANG_WARN_OBJC_LITERAL_CONVERSION = YES;
				CLANG_WARN_OBJC_ROOT_CLASS = YES_ERROR;
				CLANG_WARN_QUOTED_INCLUDE_IN_FRAMEWORK_HEADER = YES;
				CLANG_WARN_RANGE_LOOP_ANALYSIS = YES;
				CLANG_WARN_STRICT_PROTOTYPES = YES;
				CLANG_WARN_SUSPICIOUS_MOVE = YES;
				CLANG_WARN_UNGUARDED_AVAILABILITY = YES_AGGRESSIVE;
				CLANG_WARN_UNREACHABLE_CODE = YES;
				CLANG_WARN__DUPLICATE_METHOD_MATCH = YES;
				COPY_PHASE_STRIP = NO;
				DEBUG_INFORMATION_FORMAT = dwarf;
				ENABLE_STRICT_OBJC_MSGSEND = YES;
				ENABLE_TESTABILITY = YES;
				GCC_C_LANGUAGE_STANDARD = gnu11;
				GCC_DYNAMIC_NO_PIC = NO;
				GCC_NO_COMMON_BLOCKS = YES;
				GCC_OPTIMIZATION_LEVEL = 0;
				GCC_PREPROCESSOR_DEFINITIONS = (
					"DEBUG=1",
					"$(inherited)",
				);
				GCC_WARN_64_TO_32_BIT_CONVERSION = YES;
				GCC_WARN_ABOUT_RETURN_TYPE = YES_ERROR;
				GCC_WARN_UNDECLARED_SELECTOR = YES;
				GCC_WARN_UNINITIALIZED_AUTOS = YES_AGGRESSIVE;
				GCC_WARN_UNUSED_FUNCTION = YES;
				GCC_WARN_UNUSED_VARIABLE = YES;
				MTL_ENABLE_DEBUG_INFO = INCLUDE_SOURCE;
				MTL_FAST_MATH = YES;
				ONLY_ACTIVE_ARCH = YES;
				SWIFT_ACTIVE_COMPILATION_CONDITIONS = DEBUG;
				SWIFT_OPTIMIZATION_LEVEL = "-Onone";
			};
			name = Debug;
		};
		5015F562290853A900FC81A9 /* Release */ = {
			isa = XCBuildConfiguration;
			buildSettings = {
				ALWAYS_SEARCH_USER_PATHS = NO;
				CLANG_ANALYZER_NONNULL = YES;
				CLANG_ANALYZER_NUMBER_OBJECT_CONVERSION = YES_AGGRESSIVE;
				CLANG_CXX_LANGUAGE_STANDARD = "gnu++20";
				CLANG_ENABLE_MODULES = YES;
				CLANG_ENABLE_OBJC_ARC = YES;
				CLANG_ENABLE_OBJC_WEAK = YES;
				CLANG_WARN_BLOCK_CAPTURE_AUTORELEASING = YES;
				CLANG_WARN_BOOL_CONVERSION = YES;
				CLANG_WARN_COMMA = YES;
				CLANG_WARN_CONSTANT_CONVERSION = YES;
				CLANG_WARN_DEPRECATED_OBJC_IMPLEMENTATIONS = YES;
				CLANG_WARN_DIRECT_OBJC_ISA_USAGE = YES_ERROR;
				CLANG_WARN_DOCUMENTATION_COMMENTS = YES;
				CLANG_WARN_EMPTY_BODY = YES;
				CLANG_WARN_ENUM_CONVERSION = YES;
				CLANG_WARN_INFINITE_RECURSION = YES;
				CLANG_WARN_INT_CONVERSION = YES;
				CLANG_WARN_NON_LITERAL_NULL_CONVERSION = YES;
				CLANG_WARN_OBJC_IMPLICIT_RETAIN_SELF = YES;
				CLANG_WARN_OBJC_LITERAL_CONVERSION = YES;
				CLANG_WARN_OBJC_ROOT_CLASS = YES_ERROR;
				CLANG_WARN_QUOTED_INCLUDE_IN_FRAMEWORK_HEADER = YES;
				CLANG_WARN_RANGE_LOOP_ANALYSIS = YES;
				CLANG_WARN_STRICT_PROTOTYPES = YES;
				CLANG_WARN_SUSPICIOUS_MOVE = YES;
				CLANG_WARN_UNGUARDED_AVAILABILITY = YES_AGGRESSIVE;
				CLANG_WARN_UNREACHABLE_CODE = YES;
				CLANG_WARN__DUPLICATE_METHOD_MATCH = YES;
				COPY_PHASE_STRIP = NO;
				DEBUG_INFORMATION_FORMAT = "dwarf-with-dsym";
				ENABLE_NS_ASSERTIONS = NO;
				ENABLE_STRICT_OBJC_MSGSEND = YES;
				GCC_C_LANGUAGE_STANDARD = gnu11;
				GCC_NO_COMMON_BLOCKS = YES;
				GCC_WARN_64_TO_32_BIT_CONVERSION = YES;
				GCC_WARN_ABOUT_RETURN_TYPE = YES_ERROR;
				GCC_WARN_UNDECLARED_SELECTOR = YES;
				GCC_WARN_UNINITIALIZED_AUTOS = YES_AGGRESSIVE;
				GCC_WARN_UNUSED_FUNCTION = YES;
				GCC_WARN_UNUSED_VARIABLE = YES;
				MTL_ENABLE_DEBUG_INFO = NO;
				MTL_FAST_MATH = YES;
				SWIFT_COMPILATION_MODE = wholemodule;
				SWIFT_OPTIMIZATION_LEVEL = "-O";
			};
			name = Release;
		};
		5015F564290853A900FC81A9 /* Debug */ = {
			isa = XCBuildConfiguration;
			buildSettings = {
				ASSETCATALOG_COMPILER_APPICON_NAME = AppIcon;
				ASSETCATALOG_COMPILER_GLOBAL_ACCENT_COLOR_NAME = AccentColor;
				CODE_SIGN_STYLE = Automatic;
				CURRENT_PROJECT_VERSION = 1;
				DEVELOPMENT_ASSET_PATHS = "\"MyApp Watch App/Preview Content\"";
				ENABLE_PREVIEWS = YES;
				GENERATE_INFOPLIST_FILE = YES;
				INFOPLIST_KEY_CFBundleDisplayName = MyApp;
				INFOPLIST_KEY_UISupportedInterfaceOrientations = "UIInterfaceOrientationPortrait UIInterfaceOrientationPortraitUpsideDown";
				INFOPLIST_KEY_WKWatchOnly = YES;
				LD_RUNPATH_SEARCH_PATHS = (
					"$(inherited)",
					"@executable_path/Frameworks",
				);
				MARKETING_VERSION = 1.0;
				PRODUCT_BUNDLE_IDENTIFIER = hacken.MyApp.watchkitapp;
				PRODUCT_NAME = "$(TARGET_NAME)";
				SDKROOT = watchos;
				SKIP_INSTALL = YES;
				SWIFT_EMIT_LOC_STRINGS = YES;
				SWIFT_VERSION = 5.0;
				TARGETED_DEVICE_FAMILY = 4;
				WATCHOS_DEPLOYMENT_TARGET = 9.0;
			};
			name = Debug;
		};
		5015F565290853A900FC81A9 /* Release */ = {
			isa = XCBuildConfiguration;
			buildSettings = {
				ASSETCATALOG_COMPILER_APPICON_NAME = AppIcon;
				ASSETCATALOG_COMPILER_GLOBAL_ACCENT_COLOR_NAME = AccentColor;
				CODE_SIGN_STYLE = Automatic;
				CURRENT_PROJECT_VERSION = 1;
				DEVELOPMENT_ASSET_PATHS = "\"MyApp Watch App/Preview Content\"";
				ENABLE_PREVIEWS = YES;
				GENERATE_INFOPLIST_FILE = YES;
				INFOPLIST_KEY_CFBundleDisplayName = MyApp;
				INFOPLIST_KEY_UISupportedInterfaceOrientations = "UIInterfaceOrientationPortrait UIInterfaceOrientationPortraitUpsideDown";
				INFOPLIST_KEY_WKWatchOnly = YES;
				LD_RUNPATH_SEARCH_PATHS = (
					"$(inherited)",
					"@executable_path/Frameworks",
				);
				MARKETING_VERSION = 1.0;
				PRODUCT_BUNDLE_IDENTIFIER = hacken.MyApp.watchkitapp;
				PRODUCT_NAME = "$(TARGET_NAME)";
				SDKROOT = watchos;
				SKIP_INSTALL = YES;
				SWIFT_EMIT_LOC_STRINGS = YES;
				SWIFT_VERSION = 5.0;
				TARGETED_DEVICE_FAMILY = 4;
				VALIDATE_PRODUCT = YES;
				WATCHOS_DEPLOYMENT_TARGET = 9.0;
			};
			name = Release;
		};
		5015F568290853A900FC81A9 /* Debug */ = {
			isa = XCBuildConfiguration;
			buildSettings = {
				ALWAYS_EMBED_SWIFT_STANDARD_LIBRARIES = YES;
				CODE_SIGN_STYLE = Automatic;
				CURRENT_PROJECT_VERSION = 1;
				INFOPLIST_KEY_CFBundleDisplayName = MyApp;
				MARKETING_VERSION = 1.0;
				PRODUCT_BUNDLE_IDENTIFIER = hacken.MyApp;
				PRODUCT_NAME = "$(TARGET_NAME)";
				SDKROOT = iphoneos;
				SWIFT_VERSION = 5.0;
			};
			name = Debug;
		};
		5015F569290853A900FC81A9 /* Release */ = {
			isa = XCBuildConfiguration;
			buildSettings = {
				ALWAYS_EMBED_SWIFT_STANDARD_LIBRARIES = YES;
				CODE_SIGN_STYLE = Automatic;
				CURRENT_PROJECT_VERSION = 1;
				INFOPLIST_KEY_CFBundleDisplayName = MyApp;
				MARKETING_VERSION = 1.0;
				PRODUCT_BUNDLE_IDENTIFIER = hacken.MyApp;
				PRODUCT_NAME = "$(TARGET_NAME)";
				SDKROOT = iphoneos;
				SWIFT_VERSION = 5.0;
				VALIDATE_PRODUCT = YES;
			};
			name = Release;
		};
		5015F56B290853A900FC81A9 /* Debug */ = {
			isa = XCBuildConfiguration;
			buildSettings = {
				ALWAYS_EMBED_SWIFT_STANDARD_LIBRARIES = YES;
				BUNDLE_LOADER = "$(TEST_HOST)";
				CODE_SIGN_STYLE = Automatic;
				CURRENT_PROJECT_VERSION = 1;
				GENERATE_INFOPLIST_FILE = YES;
				MARKETING_VERSION = 1.0;
				PRODUCT_BUNDLE_IDENTIFIER = "hacken.MyApp-Watch-AppTests";
				PRODUCT_NAME = "$(TARGET_NAME)";
				SDKROOT = watchos;
				SWIFT_EMIT_LOC_STRINGS = NO;
				SWIFT_VERSION = 5.0;
				TARGETED_DEVICE_FAMILY = 4;
				TEST_HOST = "$(BUILT_PRODUCTS_DIR)/MyApp Watch App.app/$(BUNDLE_EXECUTABLE_FOLDER_PATH)/MyApp Watch App";
				WATCHOS_DEPLOYMENT_TARGET = 9.0;
			};
			name = Debug;
		};
		5015F56C290853A900FC81A9 /* Release */ = {
			isa = XCBuildConfiguration;
			buildSettings = {
				ALWAYS_EMBED_SWIFT_STANDARD_LIBRARIES = YES;
				BUNDLE_LOADER = "$(TEST_HOST)";
				CODE_SIGN_STYLE = Automatic;
				CURRENT_PROJECT_VERSION = 1;
				GENERATE_INFOPLIST_FILE = YES;
				MARKETING_VERSION = 1.0;
				PRODUCT_BUNDLE_IDENTIFIER = "hacken.MyApp-Watch-AppTests";
				PRODUCT_NAME = "$(TARGET_NAME)";
				SDKROOT = watchos;
				SWIFT_EMIT_LOC_STRINGS = NO;
				SWIFT_VERSION = 5.0;
				TARGETED_DEVICE_FAMILY = 4;
				TEST_HOST = "$(BUILT_PRODUCTS_DIR)/MyApp Watch App.app/$(BUNDLE_EXECUTABLE_FOLDER_PATH)/MyApp Watch App";
				VALIDATE_PRODUCT = YES;
				WATCHOS_DEPLOYMENT_TARGET = 9.0;
			};
			name = Release;
		};
		5015F56E290853A900FC81A9 /* Debug */ = {
			isa = XCBuildConfiguration;
			buildSettings = {
				ALWAYS_EMBED_SWIFT_STANDARD_LIBRARIES = YES;
				CODE_SIGN_STYLE = Automatic;
				CURRENT_PROJECT_VERSION = 1;
				GENERATE_INFOPLIST_FILE = YES;
				MARKETING_VERSION = 1.0;
				PRODUCT_BUNDLE_IDENTIFIER = "hacken.MyApp-Watch-AppUITests";
				PRODUCT_NAME = "$(TARGET_NAME)";
				SDKROOT = watchos;
				SWIFT_EMIT_LOC_STRINGS = NO;
				SWIFT_VERSION = 5.0;
				TARGETED_DEVICE_FAMILY = 4;
				TEST_TARGET_NAME = "MyApp Watch App";
				WATCHOS_DEPLOYMENT_TARGET = 9.0;
			};
			name = Debug;
		};
		5015F56F290853A900FC81A9 /* Release */ = {
			isa = XCBuildConfiguration;
			buildSettings = {
				ALWAYS_EMBED_SWIFT_STANDARD_LIBRARIES = YES;
				CODE_SIGN_STYLE = Automatic;
				CURRENT_PROJECT_VERSION = 1;
				GENERATE_INFOPLIST_FILE = YES;
				MARKETING_VERSION = 1.0;
				PRODUCT_BUNDLE_IDENTIFIER = "hacken.MyApp-Watch-AppUITests";
				PRODUCT_NAME = "$(TARGET_NAME)";
				SDKROOT = watchos;
				SWIFT_EMIT_LOC_STRINGS = NO;
				SWIFT_VERSION = 5.0;
				TARGETED_DEVICE_FAMILY = 4;
				TEST_TARGET_NAME = "MyApp Watch App";
				VALIDATE_PRODUCT = YES;
				WATCHOS_DEPLOYMENT_TARGET = 9.0;
			};
			name = Release;
		};
/* End XCBuildConfiguration section */

/* Begin XCConfigurationList section */
		5015F534290853A400FC81A9 /* Build configuration list for PBXProject "MyApp" */ = {
			isa = XCConfigurationList;
			buildConfigurations = (
				5015F561290853A900FC81A9 /* Debug */,
				5015F562290853A900FC81A9 /* Release */,
			);
			defaultConfigurationIsVisible = 0;
			defaultConfigurationName = Release;
		};
		5015F563290853A900FC81A9 /* Build configuration list for PBXNativeTarget "MyApp Watch App" */ = {
			isa = XCConfigurationList;
			buildConfigurations = (
				5015F564290853A900FC81A9 /* Debug */,
				5015F565290853A900FC81A9 /* Release */,
			);
			defaultConfigurationIsVisible = 0;
			defaultConfigurationName = Release;
		};
		5015F567290853A900FC81A9 /* Build configuration list for PBXNativeTarget "MyApp" */ = {
			isa = XCConfigurationList;
			buildConfigurations = (
				5015F568290853A900FC81A9 /* Debug */,
				5015F569290853A900FC81A9 /* Release */,
			);
			defaultConfigurationIsVisible = 0;
			defaultConfigurationName = Release;
		};
		5015F56A290853A900FC81A9 /* Build configuration list for PBXNativeTarget "MyApp Watch AppTests" */ = {
			isa = XCConfigurationList;
			buildConfigurations = (
				5015F56B290853A900FC81A9 /* Debug */,
				5015F56C290853A900FC81A9 /* Release */,
			);
			defaultConfigurationIsVisible = 0;
			defaultConfigurationName = Release;
		};
		5015F56D290853A900FC81A9 /* Build configuration list for PBXNativeTarget "MyApp Watch AppUITests" */ = {
			isa = XCConfigurationList;
			buildConfigurations = (
				5015F56E290853A900FC81A9 /* Debug */,
				5015F56F290853A900FC81A9 /* Release */,
			);
			defaultConfigurationIsVisible = 0;
			defaultConfigurationName = Release;
		};
/* End XCConfigurationList section */
	};
	rootObject = 5015F531290853A400FC81A9 /* Project object */;
}
